// !$*UTF8*$!
{
	archiveVersion = 1;
	classes = {
	};
	objectVersion = 77;
	objects = {

/* Begin PBXBuildFile section */
		0185184D300054BE0005B85D /* RunWorkout.swift in Sources */ = {isa = PBXBuildFile; fileRef = 0185183F300044F00005B85D /* RunWorkout.swift */; };
		0185184E300054CA0005B85D /* AppSettings.swift in Sources */ = {isa = PBXBuildFile; fileRef = 01851840300045110005B85D /* AppSettings.swift */; };
		0185184F300054CF0005B85D /* PredictionEngine.swift in Sources */ = {isa = PBXBuildFile; fileRef = 01851841300045290005B85D /* PredictionEngine.swift */; };
		01851850300054D30005B85D /* EfficiencyCalculator.swift in Sources */ = {isa = PBXBuildFile; fileRef = 01851842300045410005B85D /* EfficiencyCalculator.swift */; };
		01851851300054D70005B85D /* HealthKitManager.swift in Sources */ = {isa = PBXBuildFile; fileRef = 01851843300045560005B85D /* HealthKitManager.swift */; };
		01851852300054DB0005B85D /* DashboardViewModel.swift in Sources */ = {isa = PBXBuildFile; fileRef = 01851844300052620005B85D /* DashboardViewModel.swift */; };
		01851853300054DF0005B85D /* AnalyticsViewModel.swift in Sources */ = {isa = PBXBuildFile; fileRef = 018518453000527C0005B85D /* AnalyticsViewModel.swift */; };
		01851854300054E90005B85D /* WelcomeView.swift in Sources */ = {isa = PBXBuildFile; fileRef = 018518463000528B0005B85D /* WelcomeView.swift */; };
		01851855300054ED0005B85D /* MainDashboardView.swift in Sources */ = {isa = PBXBuildFile; fileRef = 01851847300052980005B85D /* MainDashboardView.swift */; };
		01851856300054F10005B85D /* MetricsAnalyticsView.swift in Sources */ = {isa = PBXBuildFile; fileRef = 01851848300052A70005B85D /* MetricsAnalyticsView.swift */; };
		01851857300054F50005B85D /* HealthSyncSettingsView.swift in Sources */ = {isa = PBXBuildFile; fileRef = 01851849300052B30005B85D /* HealthSyncSettingsView.swift */; };
		01851858300054F90005B85D /* RootView.swift in Sources */ = {isa = PBXBuildFile; fileRef = 0185184A300052C00005B85D /* RootView.swift */; };
		0185185A300058320005B85D /* DebugSeeder.swift in Sources */ = {isa = PBXBuildFile; fileRef = 01851859300058300005B85D /* DebugSeeder.swift */; };
		0185185E30016A9D0005B85D /* .gitignore in Resources */ = {isa = PBXBuildFile; fileRef = 0185185D30016A960005B85D /* .gitignore */; };
		01851860300802FF0005B85D /* BaselineExplainerView.swift in Sources */ = {isa = PBXBuildFile; fileRef = 0185185F300802FD0005B85D /* BaselineExplainerView.swift */; };
		01851862300853EE0005B85D /* RunScoreCalculator.swift in Sources */ = {isa = PBXBuildFile; fileRef = 01851861300853EC0005B85D /* RunScoreCalculator.swift */; };
		01851864300EA34E0005B85D /* RunScoreDetailView.swift in Sources */ = {isa = PBXBuildFile; fileRef = 01851863300EA34C0005B85D /* RunScoreDetailView.swift */; };
/* End PBXBuildFile section */

/* Begin PBXFileReference section */
		01851828300042950005B85D /* PaceCaster.app */ = {isa = PBXFileReference; explicitFileType = wrapper.application; includeInIndex = 0; name = PaceCaster.app; path = "/Users/shipravalecha/Desktop/HomeAssignments/PaceCaster/PaceCaster/build/Debug-iphoneos/PaceCaster.app"; sourceTree = "<absolute>"; };
		0185183F300044F00005B85D /* RunWorkout.swift */ = {isa = PBXFileReference; lastKnownFileType = sourcecode.swift; path = RunWorkout.swift; sourceTree = "<group>"; };
		01851840300045110005B85D /* AppSettings.swift */ = {isa = PBXFileReference; lastKnownFileType = sourcecode.swift; path = AppSettings.swift; sourceTree = "<group>"; };
		01851841300045290005B85D /* PredictionEngine.swift */ = {isa = PBXFileReference; lastKnownFileType = sourcecode.swift; path = PredictionEngine.swift; sourceTree = "<group>"; };
		01851842300045410005B85D /* EfficiencyCalculator.swift */ = {isa = PBXFileReference; lastKnownFileType = sourcecode.swift; path = EfficiencyCalculator.swift; sourceTree = "<group>"; };
		01851843300045560005B85D /* HealthKitManager.swift */ = {isa = PBXFileReference; lastKnownFileType = sourcecode.swift; path = HealthKitManager.swift; sourceTree = "<group>"; };
		01851844300052620005B85D /* DashboardViewModel.swift */ = {isa = PBXFileReference; lastKnownFileType = sourcecode.swift; path = DashboardViewModel.swift; sourceTree = "<group>"; };
		018518453000527C0005B85D /* AnalyticsViewModel.swift */ = {isa = PBXFileReference; lastKnownFileType = sourcecode.swift; path = AnalyticsViewModel.swift; sourceTree = "<group>"; };
		018518463000528B0005B85D /* WelcomeView.swift */ = {isa = PBXFileReference; lastKnownFileType = sourcecode.swift; path = WelcomeView.swift; sourceTree = "<group>"; };
		01851847300052980005B85D /* MainDashboardView.swift */ = {isa = PBXFileReference; lastKnownFileType = sourcecode.swift; path = MainDashboardView.swift; sourceTree = "<group>"; };
		01851848300052A70005B85D /* MetricsAnalyticsView.swift */ = {isa = PBXFileReference; lastKnownFileType = sourcecode.swift; path = MetricsAnalyticsView.swift; sourceTree = "<group>"; };
		01851849300052B30005B85D /* HealthSyncSettingsView.swift */ = {isa = PBXFileReference; lastKnownFileType = sourcecode.swift; path = HealthSyncSettingsView.swift; sourceTree = "<group>"; };
		0185184A300052C00005B85D /* RootView.swift */ = {isa = PBXFileReference; lastKnownFileType = sourcecode.swift; path = RootView.swift; sourceTree = "<group>"; };
		01851859300058300005B85D /* DebugSeeder.swift */ = {isa = PBXFileReference; lastKnownFileType = sourcecode.swift; path = DebugSeeder.swift; sourceTree = "<group>"; };
		0185185D30016A960005B85D /* .gitignore */ = {isa = PBXFileReference; lastKnownFileType = text; path = .gitignore; sourceTree = "<group>"; };
		0185185F300802FD0005B85D /* BaselineExplainerView.swift */ = {isa = PBXFileReference; lastKnownFileType = sourcecode.swift; path = BaselineExplainerView.swift; sourceTree = "<group>"; };
		01851861300853EC0005B85D /* RunScoreCalculator.swift */ = {isa = PBXFileReference; lastKnownFileType = sourcecode.swift; path = RunScoreCalculator.swift; sourceTree = "<group>"; };
		01851863300EA34C0005B85D /* RunScoreDetailView.swift */ = {isa = PBXFileReference; lastKnownFileType = sourcecode.swift; path = RunScoreDetailView.swift; sourceTree = "<group>"; };
/* End PBXFileReference section */

/* Begin PBXFileSystemSynchronizedBuildFileExceptionSet section */
		0185183A300043640005B85D /* Exceptions for "PaceCaster" folder in "PaceCaster" target */ = {
			isa = PBXFileSystemSynchronizedBuildFileExceptionSet;
			membershipExceptions = (
				Info.plist,
			);
			target = 01851827300042950005B85D /* PaceCaster */;
		};
/* End PBXFileSystemSynchronizedBuildFileExceptionSet section */

/* Begin PBXFileSystemSynchronizedRootGroup section */
		0185182A300042950005B85D /* PaceCaster */ = {
			isa = PBXFileSystemSynchronizedRootGroup;
			exceptions = (
				0185183A300043640005B85D /* Exceptions for "PaceCaster" folder in "PaceCaster" target */,
			);
			path = PaceCaster;
			sourceTree = "<group>";
		};
/* End PBXFileSystemSynchronizedRootGroup section */

/* Begin PBXFrameworksBuildPhase section */
		01851825300042950005B85D /* Frameworks */ = {
			isa = PBXFrameworksBuildPhase;
			buildActionMask = 2147483647;
			files = (
			);
			runOnlyForDeploymentPostprocessing = 0;
		};
/* End PBXFrameworksBuildPhase section */

/* Begin PBXGroup section */
		0185181F300042950005B85D = {
			isa = PBXGroup;
			children = (
				0185183E300044C10005B85D /* Views */,
				0185183D300044B70005B85D /* ViewModels */,
				0185183C300044AF0005B85D /* Services */,
				0185183B300044A50005B85D /* Models */,
				0185182A300042950005B85D /* PaceCaster */,
				0185185D30016A960005B85D /* .gitignore */,
			);
			sourceTree = "<group>";
		};
		0185183B300044A50005B85D /* Models */ = {
			isa = PBXGroup;
			children = (
				01851840300045110005B85D /* AppSettings.swift */,
				0185183F300044F00005B85D /* RunWorkout.swift */,
			);
			path = Models;
			sourceTree = "<group>";
		};
		0185183C300044AF0005B85D /* Services */ = {
			isa = PBXGroup;
			children = (
				01851861300853EC0005B85D /* RunScoreCalculator.swift */,
				01851859300058300005B85D /* DebugSeeder.swift */,
				01851843300045560005B85D /* HealthKitManager.swift */,
				01851842300045410005B85D /* EfficiencyCalculator.swift */,
				01851841300045290005B85D /* PredictionEngine.swift */,
			);
			path = Services;
			sourceTree = "<group>";
		};
		0185183D300044B70005B85D /* ViewModels */ = {
			isa = PBXGroup;
			children = (
				018518453000527C0005B85D /* AnalyticsViewModel.swift */,
				01851844300052620005B85D /* DashboardViewModel.swift */,
			);
			path = ViewModels;
			sourceTree = "<group>";
		};
		0185183E300044C10005B85D /* Views */ = {
			isa = PBXGroup;
			children = (
				01851863300EA34C0005B85D /* RunScoreDetailView.swift */,
				0185185F300802FD0005B85D /* BaselineExplainerView.swift */,
				0185184A300052C00005B85D /* RootView.swift */,
				01851849300052B30005B85D /* HealthSyncSettingsView.swift */,
				01851848300052A70005B85D /* MetricsAnalyticsView.swift */,
				01851847300052980005B85D /* MainDashboardView.swift */,
				018518463000528B0005B85D /* WelcomeView.swift */,
			);
			path = Views;
			sourceTree = "<group>";
		};
/* End PBXGroup section */

/* Begin PBXNativeTarget section */
		01851827300042950005B85D /* PaceCaster */ = {
			isa = PBXNativeTarget;
			buildConfigurationList = 01851835300042960005B85D /* Build configuration list for PBXNativeTarget "PaceCaster" */;
			buildPhases = (
				01851824300042950005B85D /* Sources */,
				01851825300042950005B85D /* Frameworks */,
				01851826300042950005B85D /* Resources */,
			);
			buildRules = (
			);
			dependencies = (
			);
			fileSystemSynchronizedGroups = (
				0185182A300042950005B85D /* PaceCaster */,
			);
			name = PaceCaster;
			packageProductDependencies = (
			);
			productName = PaceCaster;
			productReference = 01851828300042950005B85D /* PaceCaster.app */;
			productType = "com.apple.product-type.application";
		};
/* End PBXNativeTarget section */

/* Begin PBXProject section */
		01851820300042950005B85D /* Project object */ = {
			isa = PBXProject;
			attributes = {
				BuildIndependentTargetsInParallel = 1;
				LastSwiftUpdateCheck = 2660;
				LastUpgradeCheck = 2660;
				TargetAttributes = {
					01851827300042950005B85D = {
						CreatedOnToolsVersion = 26.6;
					};
				};
			};
			buildConfigurationList = 01851823300042950005B85D /* Build configuration list for PBXProject "PaceCaster" */;
			developmentRegion = en;
			hasScannedForEncodings = 0;
			knownRegions = (
				en,
				Base,
			);
			mainGroup = 0185181F300042950005B85D;
			minimizedProjectReferenceProxies = 1;
			preferredProjectObjectVersion = 77;
			productRefGroup = 0185181F300042950005B85D;
			projectDirPath = "";
			projectRoot = "";
			targets = (
				01851827300042950005B85D /* PaceCaster */,
			);
		};
/* End PBXProject section */

/* Begin PBXResourcesBuildPhase section */
		01851826300042950005B85D /* Resources */ = {
			isa = PBXResourcesBuildPhase;
			buildActionMask = 2147483647;
			files = (
				0185185E30016A9D0005B85D /* .gitignore in Resources */,
			);
			runOnlyForDeploymentPostprocessing = 0;
		};
/* End PBXResourcesBuildPhase section */

/* Begin PBXSourcesBuildPhase section */
		01851824300042950005B85D /* Sources */ = {
			isa = PBXSourcesBuildPhase;
			buildActionMask = 2147483647;
			files = (
				01851857300054F50005B85D /* HealthSyncSettingsView.swift in Sources */,
				01851851300054D70005B85D /* HealthKitManager.swift in Sources */,
				01851852300054DB0005B85D /* DashboardViewModel.swift in Sources */,
				0185184F300054CF0005B85D /* PredictionEngine.swift in Sources */,
				01851855300054ED0005B85D /* MainDashboardView.swift in Sources */,
				01851854300054E90005B85D /* WelcomeView.swift in Sources */,
				0185185A300058320005B85D /* DebugSeeder.swift in Sources */,
				01851856300054F10005B85D /* MetricsAnalyticsView.swift in Sources */,
				0185184E300054CA0005B85D /* AppSettings.swift in Sources */,
				01851860300802FF0005B85D /* BaselineExplainerView.swift in Sources */,
				0185184D300054BE0005B85D /* RunWorkout.swift in Sources */,
				01851850300054D30005B85D /* EfficiencyCalculator.swift in Sources */,
				01851853300054DF0005B85D /* AnalyticsViewModel.swift in Sources */,
				01851862300853EE0005B85D /* RunScoreCalculator.swift in Sources */,
				01851858300054F90005B85D /* RootView.swift in Sources */,
				01851864300EA34E0005B85D /* RunScoreDetailView.swift in Sources */,
			);
			runOnlyForDeploymentPostprocessing = 0;
		};
/* End PBXSourcesBuildPhase section */

/* Begin XCBuildConfiguration section */
		01851833300042960005B85D /* Debug */ = {
			isa = XCBuildConfiguration;
			buildSettings = {
				ALWAYS_SEARCH_USER_PATHS = NO;
				ASSETCATALOG_COMPILER_GENERATE_SWIFT_ASSET_SYMBOL_EXTENSIONS = YES;
				CLANG_ANALYZER_NONNULL = YES;
				CLANG_ANALYZER_NUMBER_OBJECT_CONVERSION = YES_AGGRESSIVE;
				CLANG_CXX_LANGUAGE_STANDARD = "gnu++20";
				CLANG_ENABLE_MODULES = YES;
				CLANG_ENABLE_OBJC_ARC = YES;
				CLANG_ENABLE_OBJC_WEAK = YES;
				CLANG_WARN_BLOCK_CAPTURE_AUTORELEASING = YES;
				CLANG_WARN_BOOL_CONVERSION = YES;
				CLANG_WARN_COMMA = YES;
				CLANG_WARN_CONSTANT_CONVERSION = YES;
				CLANG_WARN_DEPRECATED_OBJC_IMPLEMENTATIONS = YES;
				CLANG_WARN_DIRECT_OBJC_ISA_USAGE = YES_ERROR;
				CLANG_WARN_DOCUMENTATION_COMMENTS = YES;
				CLANG_WARN_EMPTY_BODY = YES;
				CLANG_WARN_ENUM_CONVERSION = YES;
				CLANG_WARN_INFINITE_RECURSION = YES;
				CLANG_WARN_INT_CONVERSION = YES;
				CLANG_WARN_NON_LITERAL_NULL_CONVERSION = YES;
				CLANG_WARN_OBJC_IMPLICIT_RETAIN_SELF = YES;
				CLANG_WARN_OBJC_LITERAL_CONVERSION = YES;
				CLANG_WARN_OBJC_ROOT_CLASS = YES_ERROR;
				CLANG_WARN_QUOTED_INCLUDE_IN_FRAMEWORK_HEADER = YES;
				CLANG_WARN_RANGE_LOOP_ANALYSIS = YES;
				CLANG_WARN_STRICT_PROTOTYPES = YES;
				CLANG_WARN_SUSPICIOUS_MOVE = YES;
				CLANG_WARN_UNGUARDED_AVAILABILITY = YES_AGGRESSIVE;
				CLANG_WARN_UNREACHABLE_CODE = YES;
				CLANG_WARN__DUPLICATE_METHOD_MATCH = YES;
				COPY_PHASE_STRIP = NO;
				DEBUG_INFORMATION_FORMAT = dwarf;
				DEVELOPMENT_TEAM = VT4DLY4FM7;
				ENABLE_STRICT_OBJC_MSGSEND = YES;
				ENABLE_TESTABILITY = YES;
				ENABLE_USER_SCRIPT_SANDBOXING = YES;
				GCC_C_LANGUAGE_STANDARD = gnu17;
				GCC_DYNAMIC_NO_PIC = NO;
				GCC_NO_COMMON_BLOCKS = YES;
				GCC_OPTIMIZATION_LEVEL = 0;
				GCC_PREPROCESSOR_DEFINITIONS = (
					"DEBUG=1",
					"$(inherited)",
				);
				GCC_WARN_64_TO_32_BIT_CONVERSION = YES;
				GCC_WARN_ABOUT_RETURN_TYPE = YES_ERROR;
				GCC_WARN_UNDECLARED_SELECTOR = YES;
				GCC_WARN_UNINITIALIZED_AUTOS = YES_AGGRESSIVE;
				GCC_WARN_UNUSED_FUNCTION = YES;
				GCC_WARN_UNUSED_VARIABLE = YES;
				IPHONEOS_DEPLOYMENT_TARGET = 26.5;
				LOCALIZATION_PREFERS_STRING_CATALOGS = YES;
				MTL_ENABLE_DEBUG_INFO = INCLUDE_SOURCE;
				MTL_FAST_MATH = YES;
				ONLY_ACTIVE_ARCH = YES;
				SDKROOT = iphoneos;
				SWIFT_ACTIVE_COMPILATION_CONDITIONS = "DEBUG $(inherited)";
				SWIFT_OPTIMIZATION_LEVEL = "-Onone";
			};
			name = Debug;
		};
		01851834300042960005B85D /* Release */ = {
			isa = XCBuildConfiguration;
			buildSettings = {
				ALWAYS_SEARCH_USER_PATHS = NO;
				ASSETCATALOG_COMPILER_GENERATE_SWIFT_ASSET_SYMBOL_EXTENSIONS = YES;
				CLANG_ANALYZER_NONNULL = YES;
				CLANG_ANALYZER_NUMBER_OBJECT_CONVERSION = YES_AGGRESSIVE;
				CLANG_CXX_LANGUAGE_STANDARD = "gnu++20";
				CLANG_ENABLE_MODULES = YES;
				CLANG_ENABLE_OBJC_ARC = YES;
				CLANG_ENABLE_OBJC_WEAK = YES;
				CLANG_WARN_BLOCK_CAPTURE_AUTORELEASING = YES;
				CLANG_WARN_BOOL_CONVERSION = YES;
				CLANG_WARN_COMMA = YES;
				CLANG_WARN_CONSTANT_CONVERSION = YES;
				CLANG_WARN_DEPRECATED_OBJC_IMPLEMENTATIONS = YES;
				CLANG_WARN_DIRECT_OBJC_ISA_USAGE = YES_ERROR;
				CLANG_WARN_DOCUMENTATION_COMMENTS = YES;
				CLANG_WARN_EMPTY_BODY = YES;
				CLANG_WARN_ENUM_CONVERSION = YES;
				CLANG_WARN_INFINITE_RECURSION = YES;
				CLANG_WARN_INT_CONVERSION = YES;
				CLANG_WARN_NON_LITERAL_NULL_CONVERSION = YES;
				CLANG_WARN_OBJC_IMPLICIT_RETAIN_SELF = YES;
				CLANG_WARN_OBJC_LITERAL_CONVERSION = YES;
				CLANG_WARN_OBJC_ROOT_CLASS = YES_ERROR;
				CLANG_WARN_QUOTED_INCLUDE_IN_FRAMEWORK_HEADER = YES;
				CLANG_WARN_RANGE_LOOP_ANALYSIS = YES;
				CLANG_WARN_STRICT_PROTOTYPES = YES;
				CLANG_WARN_SUSPICIOUS_MOVE = YES;
				CLANG_WARN_UNGUARDED_AVAILABILITY = YES_AGGRESSIVE;
				CLANG_WARN_UNREACHABLE_CODE = YES;
				CLANG_WARN__DUPLICATE_METHOD_MATCH = YES;
				COPY_PHASE_STRIP = NO;
				DEBUG_INFORMATION_FORMAT = "dwarf-with-dsym";
				DEVELOPMENT_TEAM = VT4DLY4FM7;
				ENABLE_NS_ASSERTIONS = NO;
				ENABLE_STRICT_OBJC_MSGSEND = YES;
				ENABLE_USER_SCRIPT_SANDBOXING = YES;
				GCC_C_LANGUAGE_STANDARD = gnu17;
				GCC_NO_COMMON_BLOCKS = YES;
				GCC_WARN_64_TO_32_BIT_CONVERSION = YES;
				GCC_WARN_ABOUT_RETURN_TYPE = YES_ERROR;
				GCC_WARN_UNDECLARED_SELECTOR = YES;
				GCC_WARN_UNINITIALIZED_AUTOS = YES_AGGRESSIVE;
				GCC_WARN_UNUSED_FUNCTION = YES;
				GCC_WARN_UNUSED_VARIABLE = YES;
				IPHONEOS_DEPLOYMENT_TARGET = 26.5;
				LOCALIZATION_PREFERS_STRING_CATALOGS = YES;
				MTL_ENABLE_DEBUG_INFO = NO;
				MTL_FAST_MATH = YES;
				SDKROOT = iphoneos;
				SWIFT_COMPILATION_MODE = wholemodule;
				VALIDATE_PRODUCT = YES;
			};
			name = Release;
		};
		01851836300042960005B85D /* Debug */ = {
			isa = XCBuildConfiguration;
			buildSettings = {
				ASSETCATALOG_COMPILER_APPICON_NAME = AppIcon;
				ASSETCATALOG_COMPILER_GLOBAL_ACCENT_COLOR_NAME = AccentColor;
				CODE_SIGN_ENTITLEMENTS = PaceCaster/PaceCaster.entitlements;
				CODE_SIGN_STYLE = Automatic;
				CURRENT_PROJECT_VERSION = 1;
				DEVELOPMENT_TEAM = VT4DLY4FM7;
				ENABLE_PREVIEWS = YES;
				GENERATE_INFOPLIST_FILE = YES;
				INFOPLIST_FILE = PaceCaster/Info.plist;
				INFOPLIST_KEY_NSHealthShareUsageDescription = "PaceCaster reads your running workouts, heart rate, and distance to compute your Aerobic Efficiency and predict race paces.";
				INFOPLIST_KEY_UIApplicationSceneManifest_Generation = YES;
				INFOPLIST_KEY_UIApplicationSupportsIndirectInputEvents = YES;
				INFOPLIST_KEY_UILaunchScreen_Generation = YES;
				INFOPLIST_KEY_UISupportedInterfaceOrientations_iPad = "UIInterfaceOrientationPortrait UIInterfaceOrientationPortraitUpsideDown UIInterfaceOrientationLandscapeLeft UIInterfaceOrientationLandscapeRight";
				INFOPLIST_KEY_UISupportedInterfaceOrientations_iPhone = "UIInterfaceOrientationPortrait UIInterfaceOrientationLandscapeLeft UIInterfaceOrientationLandscapeRight";
				IPHONEOS_DEPLOYMENT_TARGET = 17.0;
				LD_RUNPATH_SEARCH_PATHS = (
					"$(inherited)",
					"@executable_path/Frameworks",
				);
				MARKETING_VERSION = 1.0;
				PRODUCT_BUNDLE_IDENTIFIER = Shipra.PaceCaster;
				PRODUCT_NAME = "$(TARGET_NAME)";
				STRING_CATALOG_GENERATE_SYMBOLS = YES;
				SWIFT_APPROACHABLE_CONCURRENCY = YES;
				SWIFT_DEFAULT_ACTOR_ISOLATION = MainActor;
				SWIFT_EMIT_LOC_STRINGS = YES;
				SWIFT_UPCOMING_FEATURE_MEMBER_IMPORT_VISIBILITY = YES;
				SWIFT_VERSION = 5.0;
				TARGETED_DEVICE_FAMILY = "1,2";
			};
			name = Debug;
		};
		01851837300042960005B85D /* Release */ = {
			isa = XCBuildConfiguration;
			buildSettings = {
				ASSETCATALOG_COMPILER_APPICON_NAME = AppIcon;
				ASSETCATALOG_COMPILER_GLOBAL_ACCENT_COLOR_NAME = AccentColor;
				CODE_SIGN_ENTITLEMENTS = PaceCaster/PaceCaster.entitlements;
				CODE_SIGN_STYLE = Automatic;
				CURRENT_PROJECT_VERSION = 1;
				DEVELOPMENT_TEAM = VT4DLY4FM7;
				ENABLE_PREVIEWS = YES;
				GENERATE_INFOPLIST_FILE = YES;
				INFOPLIST_FILE = PaceCaster/Info.plist;
				INFOPLIST_KEY_NSHealthShareUsageDescription = "PaceCaster reads your running workouts, heart rate, and distance to compute your Aerobic Efficiency and predict race paces.";
				INFOPLIST_KEY_UIApplicationSceneManifest_Generation = YES;
				INFOPLIST_KEY_UIApplicationSupportsIndirectInputEvents = YES;
				INFOPLIST_KEY_UILaunchScreen_Generation = YES;
				INFOPLIST_KEY_UISupportedInterfaceOrientations_iPad = "UIInterfaceOrientationPortrait UIInterfaceOrientationPortraitUpsideDown UIInterfaceOrientationLandscapeLeft UIInterfaceOrientationLandscapeRight";
				INFOPLIST_KEY_UISupportedInterfaceOrientations_iPhone = "UIInterfaceOrientationPortrait UIInterfaceOrientationLandscapeLeft UIInterfaceOrientationLandscapeRight";
				IPHONEOS_DEPLOYMENT_TARGET = 17.0;
				LD_RUNPATH_SEARCH_PATHS = (
					"$(inherited)",
					"@executable_path/Frameworks",
				);
				MARKETING_VERSION = 1.0;
				PRODUCT_BUNDLE_IDENTIFIER = Shipra.PaceCaster;
				PRODUCT_NAME = "$(TARGET_NAME)";
				STRING_CATALOG_GENERATE_SYMBOLS = YES;
				SWIFT_APPROACHABLE_CONCURRENCY = YES;
				SWIFT_DEFAULT_ACTOR_ISOLATION = MainActor;
				SWIFT_EMIT_LOC_STRINGS = YES;
				SWIFT_UPCOMING_FEATURE_MEMBER_IMPORT_VISIBILITY = YES;
				SWIFT_VERSION = 5.0;
				TARGETED_DEVICE_FAMILY = "1,2";
			};
			name = Release;
		};
/* End XCBuildConfiguration section */

/* Begin XCConfigurationList section */
		01851823300042950005B85D /* Build configuration list for PBXProject "PaceCaster" */ = {
			isa = XCConfigurationList;
			buildConfigurations = (
				01851833300042960005B85D /* Debug */,
				01851834300042960005B85D /* Release */,
			);
			defaultConfigurationIsVisible = 0;
			defaultConfigurationName = Release;
		};
		01851835300042960005B85D /* Build configuration list for PBXNativeTarget "PaceCaster" */ = {
			isa = XCConfigurationList;
			buildConfigurations = (
				01851836300042960005B85D /* Debug */,
				01851837300042960005B85D /* Release */,
			);
			defaultConfigurationIsVisible = 0;
			defaultConfigurationName = Release;
		};
/* End XCConfigurationList section */
	};
	rootObject = 01851820300042950005B85D /* Project object */;
}
